// !$*UTF8*$!
{
	archiveVersion = 1;
	classes = {
	};
	objectVersion = 77;
	objects = {

/* Begin PBXBuildFile section */
		7C8266262E1F92BA00365472 /* WidgetKit.framework in Frameworks */ = {isa = PBXBuildFile; fileRef = 7C8266252E1F92B900365472 /* WidgetKit.framework */; };
		7C8266282E1F92BA00365472 /* SwiftUI.framework in Frameworks */ = {isa = PBXBuildFile; fileRef = 7C8266272E1F92BA00365472 /* SwiftUI.framework */; };
		7C8266392E1F92BC00365472 /* LazyBonesWidgetExtension.appex in Embed Foundation Extensions */ = {isa = PBXBuildFile; fileRef = 7C8266232E1F92B900365472 /* LazyBonesWidgetExtension.appex */; settings = {ATTRIBUTES = (RemoveHeadersOnCopy, ); }; };
		7CB9111B2E213A81005E97AD /* LazyBonesTests.swift in Sources */ = {isa = PBXBuildFile; fileRef = 7CB911182E213A81005E97AD /* LazyBonesTests.swift */; };
		7CB9111C2E213A81005E97AD /* VoiceRecorderTests.swift in Sources */ = {isa = PBXBuildFile; fileRef = 7CB911192E213A81005E97AD /* VoiceRecorderTests.swift */; };
/* End PBXBuildFile section */

/* Begin PBXContainerItemProxy section */
		7C4B25792E20F66900602163 /* PBXContainerItemProxy */ = {
			isa = PBXContainerItemProxy;
			containerPortal = 7C8266012E1F903200365472 /* Project object */;
			proxyType = 1;
			remoteGlobalIDString = 7C8266082E1F903200365472;
			remoteInfo = LazyBones;
		};
		7C8266372E1F92BC00365472 /* PBXContainerItemProxy */ = {
			isa = PBXContainerItemProxy;
			containerPortal = 7C8266012E1F903200365472 /* Project object */;
			proxyType = 1;
			remoteGlobalIDString = 7C8266222E1F92B900365472;
			remoteInfo = LazyBonesWidgetExtension;
		};
/* End PBXContainerItemProxy section */

/* Begin PBXCopyFilesBuildPhase section */
		7C82663E2E1F92BC00365472 /* Embed Foundation Extensions */ = {
			isa = PBXCopyFilesBuildPhase;
			buildActionMask = 2147483647;
			dstPath = "";
			dstSubfolderSpec = 13;
			files = (
				7C8266392E1F92BC00365472 /* LazyBonesWidgetExtension.appex in Embed Foundation Extensions */,
			);
			name = "Embed Foundation Extensions";
			runOnlyForDeploymentPostprocessing = 0;
		};
/* End PBXCopyFilesBuildPhase section */

/* Begin PBXFileReference section */
		7C4B25752E20F66900602163 /* LazyBonesTests.xctest */ = {isa = PBXFileReference; explicitFileType = wrapper.cfbundle; includeInIndex = 0; path = LazyBonesTests.xctest; sourceTree = BUILT_PRODUCTS_DIR; };
		7C8266092E1F903200365472 /* LazyBones.app */ = {isa = PBXFileReference; explicitFileType = wrapper.application; includeInIndex = 0; path = LazyBones.app; sourceTree = BUILT_PRODUCTS_DIR; };
		7C8266232E1F92B900365472 /* LazyBonesWidgetExtension.appex */ = {isa = PBXFileReference; explicitFileType = "wrapper.app-extension"; includeInIndex = 0; path = LazyBonesWidgetExtension.appex; sourceTree = BUILT_PRODUCTS_DIR; };
		7C8266252E1F92B900365472 /* WidgetKit.framework */ = {isa = PBXFileReference; lastKnownFileType = wrapper.framework; name = WidgetKit.framework; path = System/Library/Frameworks/WidgetKit.framework; sourceTree = SDKROOT; };
		7C8266272E1F92BA00365472 /* SwiftUI.framework */ = {isa = PBXFileReference; lastKnownFileType = wrapper.framework; name = SwiftUI.framework; path = System/Library/Frameworks/SwiftUI.framework; sourceTree = SDKROOT; };
		7C8266402E1F9DD500365472 /* LazyBonesWidgetExtension.entitlements */ = {isa = PBXFileReference; lastKnownFileType = text.plist.entitlements; path = LazyBonesWidgetExtension.entitlements; sourceTree = "<group>"; };
		7CB911182E213A81005E97AD /* LazyBonesTests.swift */ = {isa = PBXFileReference; lastKnownFileType = sourcecode.swift; path = LazyBonesTests.swift; sourceTree = "<group>"; };
		7CB911192E213A81005E97AD /* VoiceRecorderTests.swift */ = {isa = PBXFileReference; lastKnownFileType = sourcecode.swift; path = VoiceRecorderTests.swift; sourceTree = "<group>"; };
/* End PBXFileReference section */

/* Begin PBXFileSystemSynchronizedBuildFileExceptionSet section */
		7C82663A2E1F92BC00365472 /* Exceptions for "LazyBonesWidget" folder in "LazyBonesWidgetExtension" target */ = {
			isa = PBXFileSystemSynchronizedBuildFileExceptionSet;
			membershipExceptions = (
				Info.plist,
			);
			target = 7C8266222E1F92B900365472 /* LazyBonesWidgetExtension */;
		};
/* End PBXFileSystemSynchronizedBuildFileExceptionSet section */

/* Begin PBXFileSystemSynchronizedRootGroup section */
		7C82660B2E1F903200365472 /* LazyBones */ = {
			isa = PBXFileSystemSynchronizedRootGroup;
			path = LazyBones;
			sourceTree = "<group>";
		};
		7C8266292E1F92BA00365472 /* LazyBonesWidget */ = {
			isa = PBXFileSystemSynchronizedRootGroup;
			exceptions = (
				7C82663A2E1F92BC00365472 /* Exceptions for "LazyBonesWidget" folder in "LazyBonesWidgetExtension" target */,
			);
			path = LazyBonesWidget;
			sourceTree = "<group>";
		};
/* End PBXFileSystemSynchronizedRootGroup section */

/* Begin PBXFrameworksBuildPhase section */
		7C4B25722E20F66900602163 /* Frameworks */ = {
			isa = PBXFrameworksBuildPhase;
			buildActionMask = 2147483647;
			files = (
			);
			runOnlyForDeploymentPostprocessing = 0;
		};
		7C8266062E1F903200365472 /* Frameworks */ = {
			isa = PBXFrameworksBuildPhase;
			buildActionMask = 2147483647;
			files = (
			);
			runOnlyForDeploymentPostprocessing = 0;
		};
		7C8266202E1F92B900365472 /* Frameworks */ = {
			isa = PBXFrameworksBuildPhase;
			buildActionMask = 2147483647;
			files = (
				7C8266282E1F92BA00365472 /* SwiftUI.framework in Frameworks */,
				7C8266262E1F92BA00365472 /* WidgetKit.framework in Frameworks */,
			);
			runOnlyForDeploymentPostprocessing = 0;
		};
/* End PBXFrameworksBuildPhase section */

/* Begin PBXGroup section */
		7C8266002E1F903200365472 = {
			isa = PBXGroup;
			children = (
				7CB9111A2E213A81005E97AD /* Tests */,
				7C8266402E1F9DD500365472 /* LazyBonesWidgetExtension.entitlements */,
				7C82660B2E1F903200365472 /* LazyBones */,
				7C8266292E1F92BA00365472 /* LazyBonesWidget */,
				7C8266242E1F92B900365472 /* Frameworks */,
				7C82660A2E1F903200365472 /* Products */,
			);
			sourceTree = "<group>";
		};
		7C82660A2E1F903200365472 /* Products */ = {
			isa = PBXGroup;
			children = (
				7C8266092E1F903200365472 /* LazyBones.app */,
				7C8266232E1F92B900365472 /* LazyBonesWidgetExtension.appex */,
				7C4B25752E20F66900602163 /* LazyBonesTests.xctest */,
			);
			name = Products;
			sourceTree = "<group>";
		};
		7C8266242E1F92B900365472 /* Frameworks */ = {
			isa = PBXGroup;
			children = (
				7C8266252E1F92B900365472 /* WidgetKit.framework */,
				7C8266272E1F92BA00365472 /* SwiftUI.framework */,
			);
			name = Frameworks;
			sourceTree = "<group>";
		};
		7CB9111A2E213A81005E97AD /* Tests */ = {
			isa = PBXGroup;
			children = (
				7CB911182E213A81005E97AD /* LazyBonesTests.swift */,
				7CB911192E213A81005E97AD /* VoiceRecorderTests.swift */,
			);
			path = Tests;
			sourceTree = "<group>";
		};
/* End PBXGroup section */

/* Begin PBXNativeTarget section */
		7C4B25742E20F66900602163 /* LazyBonesTests */ = {
			isa = PBXNativeTarget;
			buildConfigurationList = 7C4B257B2E20F66900602163 /* Build configuration list for PBXNativeTarget "LazyBonesTests" */;
			buildPhases = (
				7C4B25712E20F66900602163 /* Sources */,
				7C4B25722E20F66900602163 /* Frameworks */,
				7C4B25732E20F66900602163 /* Resources */,
			);
			buildRules = (
			);
			dependencies = (
				7C4B257A2E20F66900602163 /* PBXTargetDependency */,
			);
			name = LazyBonesTests;
			packageProductDependencies = (
			);
			productName = LazyBonesTests;
			productReference = 7C4B25752E20F66900602163 /* LazyBonesTests.xctest */;
			productType = "com.apple.product-type.bundle.unit-test";
		};
		7C8266082E1F903200365472 /* LazyBones */ = {
			isa = PBXNativeTarget;
			buildConfigurationList = 7C8266142E1F903400365472 /* Build configuration list for PBXNativeTarget "LazyBones" */;
			buildPhases = (
				7C8266052E1F903200365472 /* Sources */,
				7C8266062E1F903200365472 /* Frameworks */,
				7C8266072E1F903200365472 /* Resources */,
				7C82663E2E1F92BC00365472 /* Embed Foundation Extensions */,
			);
			buildRules = (
			);
			dependencies = (
				7C8266382E1F92BC00365472 /* PBXTargetDependency */,
			);
			fileSystemSynchronizedGroups = (
				7C82660B2E1F903200365472 /* LazyBones */,
			);
			name = LazyBones;
			packageProductDependencies = (
			);
			productName = LazyBones;
			productReference = 7C8266092E1F903200365472 /* LazyBones.app */;
			productType = "com.apple.product-type.application";
		};
		7C8266222E1F92B900365472 /* LazyBonesWidgetExtension */ = {
			isa = PBXNativeTarget;
			buildConfigurationList = 7C82663B2E1F92BC00365472 /* Build configuration list for PBXNativeTarget "LazyBonesWidgetExtension" */;
			buildPhases = (
				7C82661F2E1F92B900365472 /* Sources */,
				7C8266202E1F92B900365472 /* Frameworks */,
				7C8266212E1F92B900365472 /* Resources */,
			);
			buildRules = (
			);
			dependencies = (
			);
			fileSystemSynchronizedGroups = (
				7C8266292E1F92BA00365472 /* LazyBonesWidget */,
			);
			name = LazyBonesWidgetExtension;
			packageProductDependencies = (
			);
			productName = LazyBonesWidgetExtension;
			productReference = 7C8266232E1F92B900365472 /* LazyBonesWidgetExtension.appex */;
			productType = "com.apple.product-type.app-extension";
		};
/* End PBXNativeTarget section */

/* Begin PBXProject section */
		7C8266012E1F903200365472 /* Project object */ = {
			isa = PBXProject;
			attributes = {
				BuildIndependentTargetsInParallel = 1;
				LastSwiftUpdateCheck = 1640;
				LastUpgradeCheck = 1640;
				TargetAttributes = {
					7C4B25742E20F66900602163 = {
						CreatedOnToolsVersion = 16.4;
						TestTargetID = 7C8266082E1F903200365472;
					};
					7C8266082E1F903200365472 = {
						CreatedOnToolsVersion = 16.4;
					};
					7C8266222E1F92B900365472 = {
						CreatedOnToolsVersion = 16.4;
					};
				};
			};
			buildConfigurationList = 7C8266042E1F903200365472 /* Build configuration list for PBXProject "LazyBones" */;
			developmentRegion = en;
			hasScannedForEncodings = 0;
			knownRegions = (
				en,
				Base,
			);
			mainGroup = 7C8266002E1F903200365472;
			minimizedProjectReferenceProxies = 1;
			preferredProjectObjectVersion = 77;
			productRefGroup = 7C82660A2E1F903200365472 /* Products */;
			projectDirPath = "";
			projectRoot = "";
			targets = (
				7C8266082E1F903200365472 /* LazyBones */,
				7C8266222E1F92B900365472 /* LazyBonesWidgetExtension */,
				7C4B25742E20F66900602163 /* LazyBonesTests */,
			);
		};
/* End PBXProject section */

/* Begin PBXResourcesBuildPhase section */
		7C4B25732E20F66900602163 /* Resources */ = {
			isa = PBXResourcesBuildPhase;
			buildActionMask = 2147483647;
			files = (
			);
			runOnlyForDeploymentPostprocessing = 0;
		};
		7C8266072E1F903200365472 /* Resources */ = {
			isa = PBXResourcesBuildPhase;
			buildActionMask = 2147483647;
			files = (
			);
			runOnlyForDeploymentPostprocessing = 0;
		};
		7C8266212E1F92B900365472 /* Resources */ = {
			isa = PBXResourcesBuildPhase;
			buildActionMask = 2147483647;
			files = (
			);
			runOnlyForDeploymentPostprocessing = 0;
		};
/* End PBXResourcesBuildPhase section */

/* Begin PBXSourcesBuildPhase section */
		7C4B25712E20F66900602163 /* Sources */ = {
			isa = PBXSourcesBuildPhase;
			buildActionMask = 2147483647;
			files = (
				7CB9111B2E213A81005E97AD /* LazyBonesTests.swift in Sources */,
				7CB9111C2E213A81005E97AD /* VoiceRecorderTests.swift in Sources */,
			);
			runOnlyForDeploymentPostprocessing = 0;
		};
		7C8266052E1F903200365472 /* Sources */ = {
			isa = PBXSourcesBuildPhase;
			buildActionMask = 2147483647;
			files = (
			);
			runOnlyForDeploymentPostprocessing = 0;
		};
		7C82661F2E1F92B900365472 /* Sources */ = {
			isa = PBXSourcesBuildPhase;
			buildActionMask = 2147483647;
			files = (
			);
			runOnlyForDeploymentPostprocessing = 0;
		};
/* End PBXSourcesBuildPhase section */

/* Begin PBXTargetDependency section */
		7C4B257A2E20F66900602163 /* PBXTargetDependency */ = {
			isa = PBXTargetDependency;
			target = 7C8266082E1F903200365472 /* LazyBones */;
			targetProxy = 7C4B25792E20F66900602163 /* PBXContainerItemProxy */;
		};
		7C8266382E1F92BC00365472 /* PBXTargetDependency */ = {
			isa = PBXTargetDependency;
			target = 7C8266222E1F92B900365472 /* LazyBonesWidgetExtension */;
			targetProxy = 7C8266372E1F92BC00365472 /* PBXContainerItemProxy */;
		};
/* End PBXTargetDependency section */

/* Begin XCBuildConfiguration section */
		7C4B257C2E20F66900602163 /* Debug */ = {
			isa = XCBuildConfiguration;
			buildSettings = {
				BUNDLE_LOADER = "$(TEST_HOST)";
				"CODE_SIGN_IDENTITY[sdk=iphoneos*]" = "iPhone Developer";
				CODE_SIGN_STYLE = Manual;
				CURRENT_PROJECT_VERSION = 1;
				DEVELOPMENT_TEAM = "";
				"DEVELOPMENT_TEAM[sdk=iphoneos*]" = 8P5SKNTKBM;
				GENERATE_INFOPLIST_FILE = YES;
				MARKETING_VERSION = 1.0;
				PRODUCT_BUNDLE_IDENTIFIER = "com.334747886260579.-.LazyBonesTests";
				PRODUCT_NAME = "$(TARGET_NAME)";
				PROVISIONING_PROFILE_SPECIFIER = "";
				"PROVISIONING_PROFILE_SPECIFIER[sdk=iphoneos*]" = "fresh_idea@inbox.ru_00008110-00196466116A401E";
				SWIFT_EMIT_LOC_STRINGS = NO;
				SWIFT_VERSION = 5.0;
				TARGETED_DEVICE_FAMILY = "1,2";
				TEST_HOST = "$(BUILT_PRODUCTS_DIR)/LazyBones.app/$(BUNDLE_EXECUTABLE_FOLDER_PATH)/LazyBones";
			};
			name = Debug;
		};
		7C4B257D2E20F66900602163 /* Release */ = {
			isa = XCBuildConfiguration;
			buildSettings = {
				BUNDLE_LOADER = "$(TEST_HOST)";
				"CODE_SIGN_IDENTITY[sdk=iphoneos*]" = "iPhone Developer";
				CODE_SIGN_STYLE = Manual;
				CURRENT_PROJECT_VERSION = 1;
				DEVELOPMENT_TEAM = "";
				"DEVELOPMENT_TEAM[sdk=iphoneos*]" = 8P5SKNTKBM;
				GENERATE_INFOPLIST_FILE = YES;
				MARKETING_VERSION = 1.0;
				PRODUCT_BUNDLE_IDENTIFIER = "com.334747886260579.-.LazyBonesTests";
				PRODUCT_NAME = "$(TARGET_NAME)";
				PROVISIONING_PROFILE_SPECIFIER = "";
				"PROVISIONING_PROFILE_SPECIFIER[sdk=iphoneos*]" = "fresh_idea@inbox.ru_00008110-00196466116A401E";
				SWIFT_EMIT_LOC_STRINGS = NO;
				SWIFT_VERSION = 5.0;
				TARGETED_DEVICE_FAMILY = "1,2";
				TEST_HOST = "$(BUILT_PRODUCTS_DIR)/LazyBones.app/$(BUNDLE_EXECUTABLE_FOLDER_PATH)/LazyBones";
			};
			name = Release;
		};
		7C8266122E1F903400365472 /* Debug */ = {
			isa = XCBuildConfiguration;
			buildSettings = {
				ALWAYS_SEARCH_USER_PATHS = NO;
				ASSETCATALOG_COMPILER_GENERATE_SWIFT_ASSET_SYMBOL_EXTENSIONS = YES;
				CLANG_ANALYZER_NONNULL = YES;
				CLANG_ANALYZER_NUMBER_OBJECT_CONVERSION = YES_AGGRESSIVE;
				CLANG_CXX_LANGUAGE_STANDARD = "gnu++20";
				CLANG_ENABLE_MODULES = YES;
				CLANG_ENABLE_OBJC_ARC = YES;
				CLANG_ENABLE_OBJC_WEAK = YES;
				CLANG_WARN_BLOCK_CAPTURE_AUTORELEASING = YES;
				CLANG_WARN_BOOL_CONVERSION = YES;
				CLANG_WARN_COMMA = YES;
				CLANG_WARN_CONSTANT_CONVERSION = YES;
				CLANG_WARN_DEPRECATED_OBJC_IMPLEMENTATIONS = YES;
				CLANG_WARN_DIRECT_OBJC_ISA_USAGE = YES_ERROR;
				CLANG_WARN_DOCUMENTATION_COMMENTS = YES;
				CLANG_WARN_EMPTY_BODY = YES;
				CLANG_WARN_ENUM_CONVERSION = YES;
				CLANG_WARN_INFINITE_RECURSION = YES;
				CLANG_WARN_INT_CONVERSION = YES;
				CLANG_WARN_NON_LITERAL_NULL_CONVERSION = YES;
				CLANG_WARN_OBJC_IMPLICIT_RETAIN_SELF = YES;
				CLANG_WARN_OBJC_LITERAL_CONVERSION = YES;
				CLANG_WARN_OBJC_ROOT_CLASS = YES_ERROR;
				CLANG_WARN_QUOTED_INCLUDE_IN_FRAMEWORK_HEADER = YES;
				CLANG_WARN_RANGE_LOOP_ANALYSIS = YES;
				CLANG_WARN_STRICT_PROTOTYPES = YES;
				CLANG_WARN_SUSPICIOUS_MOVE = YES;
				CLANG_WARN_UNGUARDED_AVAILABILITY = YES_AGGRESSIVE;
				CLANG_WARN_UNREACHABLE_CODE = YES;
				CLANG_WARN__DUPLICATE_METHOD_MATCH = YES;
				COPY_PHASE_STRIP = NO;
				DEBUG_INFORMATION_FORMAT = dwarf;
				DEVELOPMENT_TEAM = H3N3UYMDNL;
				ENABLE_STRICT_OBJC_MSGSEND = YES;
				ENABLE_TESTABILITY = YES;
				ENABLE_USER_SCRIPT_SANDBOXING = YES;
				GCC_C_LANGUAGE_STANDARD = gnu17;
				GCC_DYNAMIC_NO_PIC = NO;
				GCC_NO_COMMON_BLOCKS = YES;
				GCC_OPTIMIZATION_LEVEL = 0;
				GCC_PREPROCESSOR_DEFINITIONS = (
					"DEBUG=1",
					"$(inherited)",
				);
				GCC_WARN_64_TO_32_BIT_CONVERSION = YES;
				GCC_WARN_ABOUT_RETURN_TYPE = YES_ERROR;
				GCC_WARN_UNDECLARED_SELECTOR = YES;
				GCC_WARN_UNINITIALIZED_AUTOS = YES_AGGRESSIVE;
				GCC_WARN_UNUSED_FUNCTION = YES;
				GCC_WARN_UNUSED_VARIABLE = YES;
				IPHONEOS_DEPLOYMENT_TARGET = 18.5;
				LOCALIZATION_PREFERS_STRING_CATALOGS = YES;
				MTL_ENABLE_DEBUG_INFO = INCLUDE_SOURCE;
				MTL_FAST_MATH = YES;
				ONLY_ACTIVE_ARCH = YES;
				SDKROOT = iphoneos;
				SWIFT_ACTIVE_COMPILATION_CONDITIONS = "DEBUG $(inherited)";
				SWIFT_OPTIMIZATION_LEVEL = "-Onone";
			};
			name = Debug;
		};
		7C8266132E1F903400365472 /* Release */ = {
			isa = XCBuildConfiguration;
			buildSettings = {
				ALWAYS_SEARCH_USER_PATHS = NO;
				ASSETCATALOG_COMPILER_GENERATE_SWIFT_ASSET_SYMBOL_EXTENSIONS = YES;
				CLANG_ANALYZER_NONNULL = YES;
				CLANG_ANALYZER_NUMBER_OBJECT_CONVERSION = YES_AGGRESSIVE;
				CLANG_CXX_LANGUAGE_STANDARD = "gnu++20";
				CLANG_ENABLE_MODULES = YES;
				CLANG_ENABLE_OBJC_ARC = YES;
				CLANG_ENABLE_OBJC_WEAK = YES;
				CLANG_WARN_BLOCK_CAPTURE_AUTORELEASING = YES;
				CLANG_WARN_BOOL_CONVERSION = YES;
				CLANG_WARN_COMMA = YES;
				CLANG_WARN_CONSTANT_CONVERSION = YES;
				CLANG_WARN_DEPRECATED_OBJC_IMPLEMENTATIONS = YES;
				CLANG_WARN_DIRECT_OBJC_ISA_USAGE = YES_ERROR;
				CLANG_WARN_DOCUMENTATION_COMMENTS = YES;
				CLANG_WARN_EMPTY_BODY = YES;
				CLANG_WARN_ENUM_CONVERSION = YES;
				CLANG_WARN_INFINITE_RECURSION = YES;
				CLANG_WARN_INT_CONVERSION = YES;
				CLANG_WARN_NON_LITERAL_NULL_CONVERSION = YES;
				CLANG_WARN_OBJC_IMPLICIT_RETAIN_SELF = YES;
				CLANG_WARN_OBJC_LITERAL_CONVERSION = YES;
				CLANG_WARN_OBJC_ROOT_CLASS = YES_ERROR;
				CLANG_WARN_QUOTED_INCLUDE_IN_FRAMEWORK_HEADER = YES;
				CLANG_WARN_RANGE_LOOP_ANALYSIS = YES;
				CLANG_WARN_STRICT_PROTOTYPES = YES;
				CLANG_WARN_SUSPICIOUS_MOVE = YES;
				CLANG_WARN_UNGUARDED_AVAILABILITY = YES_AGGRESSIVE;
				CLANG_WARN_UNREACHABLE_CODE = YES;
				CLANG_WARN__DUPLICATE_METHOD_MATCH = YES;
				COPY_PHASE_STRIP = NO;
				DEBUG_INFORMATION_FORMAT = "dwarf-with-dsym";
				DEVELOPMENT_TEAM = H3N3UYMDNL;
				ENABLE_NS_ASSERTIONS = NO;
				ENABLE_STRICT_OBJC_MSGSEND = YES;
				ENABLE_USER_SCRIPT_SANDBOXING = YES;
				GCC_C_LANGUAGE_STANDARD = gnu17;
				GCC_NO_COMMON_BLOCKS = YES;
				GCC_WARN_64_TO_32_BIT_CONVERSION = YES;
				GCC_WARN_ABOUT_RETURN_TYPE = YES_ERROR;
				GCC_WARN_UNDECLARED_SELECTOR = YES;
				GCC_WARN_UNINITIALIZED_AUTOS = YES_AGGRESSIVE;
				GCC_WARN_UNUSED_FUNCTION = YES;
				GCC_WARN_UNUSED_VARIABLE = YES;
				IPHONEOS_DEPLOYMENT_TARGET = 18.5;
				LOCALIZATION_PREFERS_STRING_CATALOGS = YES;
				MTL_ENABLE_DEBUG_INFO = NO;
				MTL_FAST_MATH = YES;
				SDKROOT = iphoneos;
				SWIFT_COMPILATION_MODE = wholemodule;
				VALIDATE_PRODUCT = YES;
			};
			name = Release;
		};
		7C8266152E1F903400365472 /* Debug */ = {
			isa = XCBuildConfiguration;
			buildSettings = {
				ASSETCATALOG_COMPILER_APPICON_NAME = AppIcon;
				ASSETCATALOG_COMPILER_GLOBAL_ACCENT_COLOR_NAME = AccentColor;
				ASSETCATALOG_COMPILER_INCLUDE_ALL_APPICON_ASSETS = NO;
				CODE_SIGN_ENTITLEMENTS = LazyBones/LazyBones.entitlements;
				CODE_SIGN_IDENTITY = "Apple Development";
				"CODE_SIGN_IDENTITY[sdk=iphoneos*]" = "iPhone Developer";
				CODE_SIGN_STYLE = Manual;
				CURRENT_PROJECT_VERSION = 1;
				DEVELOPMENT_TEAM = "";
				"DEVELOPMENT_TEAM[sdk=iphoneos*]" = 8P5SKNTKBM;
				ENABLE_PREVIEWS = YES;
				GENERATE_INFOPLIST_FILE = YES;
				INFOPLIST_KEY_NSMicrophoneUsageDescription = "Приложению необходим доступ к микрофону для записи голосовых заметок к отчётам.";
				INFOPLIST_KEY_UIApplicationSceneManifest_Generation = YES;
				INFOPLIST_KEY_UIApplicationSupportsIndirectInputEvents = YES;
				INFOPLIST_KEY_UILaunchScreen_Generation = YES;
				INFOPLIST_KEY_UISupportedInterfaceOrientations_iPad = "UIInterfaceOrientationPortrait UIInterfaceOrientationPortraitUpsideDown UIInterfaceOrientationLandscapeLeft UIInterfaceOrientationLandscapeRight";
				INFOPLIST_KEY_UISupportedInterfaceOrientations_iPhone = "UIInterfaceOrientationPortrait UIInterfaceOrientationLandscapeLeft UIInterfaceOrientationLandscapeRight";
				LD_RUNPATH_SEARCH_PATHS = (
					"$(inherited)",
					"@executable_path/Frameworks",
				);
				MARKETING_VERSION = 1.0;
				PRODUCT_BUNDLE_IDENTIFIER = "com.334747886260579.-.LazyBones";
				PRODUCT_NAME = "$(TARGET_NAME)";
				PROVISIONING_PROFILE_SPECIFIER = "";
				"PROVISIONING_PROFILE_SPECIFIER[sdk=iphoneos*]" = "fresh_idea@inbox.ru_00008110-00196466116A401E";
				SWIFT_EMIT_LOC_STRINGS = YES;
				SWIFT_VERSION = 5.0;
				TARGETED_DEVICE_FAMILY = "1,2";
			};
			name = Debug;
		};
		7C8266162E1F903400365472 /* Release */ = {
			isa = XCBuildConfiguration;
			buildSettings = {
				ASSETCATALOG_COMPILER_APPICON_NAME = AppIcon;
				ASSETCATALOG_COMPILER_GLOBAL_ACCENT_COLOR_NAME = AccentColor;
				ASSETCATALOG_COMPILER_INCLUDE_ALL_APPICON_ASSETS = NO;
				CODE_SIGN_ENTITLEMENTS = LazyBones/LazyBones.entitlements;
				CODE_SIGN_IDENTITY = "Apple Development";
				"CODE_SIGN_IDENTITY[sdk=iphoneos*]" = "iPhone Developer";
				CODE_SIGN_STYLE = Manual;
				CURRENT_PROJECT_VERSION = 1;
				DEVELOPMENT_TEAM = "";
				"DEVELOPMENT_TEAM[sdk=iphoneos*]" = 8P5SKNTKBM;
				ENABLE_PREVIEWS = YES;
				GENERATE_INFOPLIST_FILE = YES;
				INFOPLIST_KEY_NSMicrophoneUsageDescription = "Приложению необходим доступ к микрофону для записи голосовых заметок к отчётам.";
				INFOPLIST_KEY_UIApplicationSceneManifest_Generation = YES;
				INFOPLIST_KEY_UIApplicationSupportsIndirectInputEvents = YES;
				INFOPLIST_KEY_UILaunchScreen_Generation = YES;
				INFOPLIST_KEY_UISupportedInterfaceOrientations_iPad = "UIInterfaceOrientationPortrait UIInterfaceOrientationPortraitUpsideDown UIInterfaceOrientationLandscapeLeft UIInterfaceOrientationLandscapeRight";
				INFOPLIST_KEY_UISupportedInterfaceOrientations_iPhone = "UIInterfaceOrientationPortrait UIInterfaceOrientationLandscapeLeft UIInterfaceOrientationLandscapeRight";
				LD_RUNPATH_SEARCH_PATHS = (
					"$(inherited)",
					"@executable_path/Frameworks",
				);
				MARKETING_VERSION = 1.0;
				PRODUCT_BUNDLE_IDENTIFIER = "com.334747886260579.-.LazyBones";
				PRODUCT_NAME = "$(TARGET_NAME)";
				PROVISIONING_PROFILE_SPECIFIER = "";
				"PROVISIONING_PROFILE_SPECIFIER[sdk=iphoneos*]" = "fresh_idea@inbox.ru_00008110-00196466116A401E";
				SWIFT_EMIT_LOC_STRINGS = YES;
				SWIFT_VERSION = 5.0;
				TARGETED_DEVICE_FAMILY = "1,2";
			};
			name = Release;
		};
		7C82663C2E1F92BC00365472 /* Debug */ = {
			isa = XCBuildConfiguration;
			buildSettings = {
				ASSETCATALOG_COMPILER_GLOBAL_ACCENT_COLOR_NAME = AccentColor;
				ASSETCATALOG_COMPILER_WIDGET_BACKGROUND_COLOR_NAME = WidgetBackground;
				CODE_SIGN_ENTITLEMENTS = LazyBonesWidgetExtension.entitlements;
				CODE_SIGN_IDENTITY = "Apple Development";
				"CODE_SIGN_IDENTITY[sdk=iphoneos*]" = "iPhone Developer";
				CODE_SIGN_STYLE = Manual;
				CURRENT_PROJECT_VERSION = 1;
				DEVELOPMENT_TEAM = "";
				"DEVELOPMENT_TEAM[sdk=iphoneos*]" = 8P5SKNTKBM;
				GENERATE_INFOPLIST_FILE = YES;
				INFOPLIST_FILE = LazyBonesWidget/Info.plist;
				INFOPLIST_KEY_CFBundleDisplayName = LazyBonesWidget;
				INFOPLIST_KEY_NSHumanReadableCopyright = "";
				LD_RUNPATH_SEARCH_PATHS = (
					"$(inherited)",
					"@executable_path/Frameworks",
					"@executable_path/../../Frameworks",
				);
				MARKETING_VERSION = 1.0;
				PRODUCT_BUNDLE_IDENTIFIER = "com.334747886260579.-.LazyBones.LazyBoidget";
				PRODUCT_NAME = "$(TARGET_NAME)";
				PROVISIONING_PROFILE_SPECIFIER = "";
				"PROVISIONING_PROFILE_SPECIFIER[sdk=iphoneos*]" = "fresh_idea@inbox.ru_00008110-00196466116A401E";
				SKIP_INSTALL = YES;
				SWIFT_EMIT_LOC_STRINGS = YES;
				SWIFT_VERSION = 5.0;
				TARGETED_DEVICE_FAMILY = "1,2";
			};
			name = Debug;
		};
		7C82663D2E1F92BC00365472 /* Release */ = {
			isa = XCBuildConfiguration;
			buildSettings = {
				ASSETCATALOG_COMPILER_GLOBAL_ACCENT_COLOR_NAME = AccentColor;
				ASSETCATALOG_COMPILER_WIDGET_BACKGROUND_COLOR_NAME = WidgetBackground;
				CODE_SIGN_ENTITLEMENTS = LazyBonesWidgetExtension.entitlements;
				CODE_SIGN_IDENTITY = "Apple Development";
				"CODE_SIGN_IDENTITY[sdk=iphoneos*]" = "iPhone Developer";
				CODE_SIGN_STYLE = Manual;
				CURRENT_PROJECT_VERSION = 1;
				DEVELOPMENT_TEAM = "";
				"DEVELOPMENT_TEAM[sdk=iphoneos*]" = 8P5SKNTKBM;
				GENERATE_INFOPLIST_FILE = YES;
				INFOPLIST_FILE = LazyBonesWidget/Info.plist;
				INFOPLIST_KEY_CFBundleDisplayName = LazyBonesWidget;
				INFOPLIST_KEY_NSHumanReadableCopyright = "";
				LD_RUNPATH_SEARCH_PATHS = (
					"$(inherited)",
					"@executable_path/Frameworks",
					"@executable_path/../../Frameworks",
				);
				MARKETING_VERSION = 1.0;
				PRODUCT_BUNDLE_IDENTIFIER = "com.334747886260579.-.LazyBones.LazyBoidget";
				PRODUCT_NAME = "$(TARGET_NAME)";
				PROVISIONING_PROFILE_SPECIFIER = "";
				"PROVISIONING_PROFILE_SPECIFIER[sdk=iphoneos*]" = "fresh_idea@inbox.ru_00008110-00196466116A401E";
				SKIP_INSTALL = YES;
				SWIFT_EMIT_LOC_STRINGS = YES;
				SWIFT_VERSION = 5.0;
				TARGETED_DEVICE_FAMILY = "1,2";
			};
			name = Release;
		};
/* End XCBuildConfiguration section */

/* Begin XCConfigurationList section */
		7C4B257B2E20F66900602163 /* Build configuration list for PBXNativeTarget "LazyBonesTests" */ = {
			isa = XCConfigurationList;
			buildConfigurations = (
				7C4B257C2E20F66900602163 /* Debug */,
				7C4B257D2E20F66900602163 /* Release */,
			);
			defaultConfigurationIsVisible = 0;
			defaultConfigurationName = Release;
		};
		7C8266042E1F903200365472 /* Build configuration list for PBXProject "LazyBones" */ = {
			isa = XCConfigurationList;
			buildConfigurations = (
				7C8266122E1F903400365472 /* Debug */,
				7C8266132E1F903400365472 /* Release */,
			);
			defaultConfigurationIsVisible = 0;
			defaultConfigurationName = Release;
		};
		7C8266142E1F903400365472 /* Build configuration list for PBXNativeTarget "LazyBones" */ = {
			isa = XCConfigurationList;
			buildConfigurations = (
				7C8266152E1F903400365472 /* Debug */,
				7C8266162E1F903400365472 /* Release */,
			);
			defaultConfigurationIsVisible = 0;
			defaultConfigurationName = Release;
		};
		7C82663B2E1F92BC00365472 /* Build configuration list for PBXNativeTarget "LazyBonesWidgetExtension" */ = {
			isa = XCConfigurationList;
			buildConfigurations = (
				7C82663C2E1F92BC00365472 /* Debug */,
				7C82663D2E1F92BC00365472 /* Release */,
			);
			defaultConfigurationIsVisible = 0;
			defaultConfigurationName = Release;
		};
/* End XCConfigurationList section */
	};
	rootObject = 7C8266012E1F903200365472 /* Project object */;
}
